PODS:
  - Charts (3.4.0):
    - Charts/Core (= 3.4.0)
  - Charts/Core (3.4.0)
  - IQKeyboardManagerSwift (6.5.2)
  - JWTDecode (2.4.0)

DEPENDENCIES:
  - Charts
  - IQKeyboardManagerSwift
  - JWTDecode (~> 2.4)

SPEC REPOS:
  trunk:
    - Charts
    - IQKeyboardManagerSwift
    - JWTDecode

SPEC CHECKSUMS:
  Charts: 74c9f256eaf0460c0c416522d1cf8c634ea6b286
  IQKeyboardManagerSwift: c75366f1f19590e8caeae45fcd5815c9289d6099
  JWTDecode: 0930fb517c27bac2daef7cabc13577b18fdee0da

PODFILE CHECKSUM: 7b7d2ac4e6089ed8496e21ea019ddd3e0fe8666e

COCOAPODS: 1.8.4
