PODS:
  - Alamofire (5.0.2)
  - Charts (3.4.0):
    - Charts/Core (= 3.4.0)
  - Charts/Core (3.4.0)
  - IQKeyboardManagerSwift (6.5.2)
  - JWTDecode (2.4.0)
  - SwiftLint (0.39.1)

DEPENDENCIES:
  - Alamofire (~> 5.0)
  - Charts
  - IQKeyboardManagerSwift
  - JWTDecode (~> 2.4)
  - SwiftLint

SPEC REPOS:
  trunk:
    - Alamofire
    - Charts
    - IQKeyboardManagerSwift
    - JWTDecode
    - SwiftLint

SPEC CHECKSUMS:
  Alamofire: 3ba7a4db18b4f62c4a1c0e1cb39d7f3d52e10ada
  Charts: 74c9f256eaf0460c0c416522d1cf8c634ea6b286
  IQKeyboardManagerSwift: c75366f1f19590e8caeae45fcd5815c9289d6099
  JWTDecode: 0930fb517c27bac2daef7cabc13577b18fdee0da
  SwiftLint: 55e96a4a4d537d4a3156859fc1c54bd24851a046

PODFILE CHECKSUM: a7d0545cd91cbb6545d2e1bae80284e190343196

COCOAPODS: 1.8.4
