// !$*UTF8*$!
{
	archiveVersion = 1;
	classes = {
	};
	objectVersion = 52;
	objects = {

/* Begin PBXBuildFile section */
		1D11C1DC236C16DF00F764A4 /* AddStringerToTeamViewController.swift in Sources */ = {isa = PBXBuildFile; fileRef = 1D11C1DB236C16DF00F764A4 /* AddStringerToTeamViewController.swift */; };
		1D11C1DE236C3D2B00F764A4 /* AddStringerToTeamDelegate.swift in Sources */ = {isa = PBXBuildFile; fileRef = 1D11C1DD236C3D2B00F764A4 /* AddStringerToTeamDelegate.swift */; };
		1D17717D2359CB0600DBC870 /* AddStringToStorageViewController.swift in Sources */ = {isa = PBXBuildFile; fileRef = 1D17717C2359CB0300DBC870 /* AddStringToStorageViewController.swift */; };
		1D17717F2359CC2700DBC870 /* StorageDAOProtocol.swift in Sources */ = {isa = PBXBuildFile; fileRef = 1D17717E2359CC2700DBC870 /* StorageDAOProtocol.swift */; };
		1D1771822359EBFB00DBC870 /* ShopSingleton.swift in Sources */ = {isa = PBXBuildFile; fileRef = 1D1771812359EBFB00DBC870 /* ShopSingleton.swift */; };
		1D177184235A086C00DBC870 /* SpecificStringInStorageViewController.swift in Sources */ = {isa = PBXBuildFile; fileRef = 1D177183235A086C00DBC870 /* SpecificStringInStorageViewController.swift */; };
		1D29807D23607C0E00225DCE /* SpecificOrderViewController.swift in Sources */ = {isa = PBXBuildFile; fileRef = 1D29807C23607C0E00225DCE /* SpecificOrderViewController.swift */; };
		1D29807F2361CEC300225DCE /* StringerDetailViewController.swift in Sources */ = {isa = PBXBuildFile; fileRef = 1D29807E2361CEC300225DCE /* StringerDetailViewController.swift */; };
		1D32FC1F236A1E4100AABEFB /* Color.swift in Sources */ = {isa = PBXBuildFile; fileRef = 1D32FC1E236A1E4100AABEFB /* Color.swift */; };
		1D32FC21236B24FF00AABEFB /* EconomyController.swift in Sources */ = {isa = PBXBuildFile; fileRef = 1D32FC20236B24FF00AABEFB /* EconomyController.swift */; };
		1D32FC23236B25E700AABEFB /* EconomyInterval.swift in Sources */ = {isa = PBXBuildFile; fileRef = 1D32FC22236B25E700AABEFB /* EconomyInterval.swift */; };
		1D3987E2233B8E4B00CDA0DD /* ReceivedViewController.swift in Sources */ = {isa = PBXBuildFile; fileRef = 1D3987E1233B8E4B00CDA0DD /* ReceivedViewController.swift */; };
		1D3987E6233BE06900CDA0DD /* TwoSidedTextCell.swift in Sources */ = {isa = PBXBuildFile; fileRef = 1D3987E5233BE06900CDA0DD /* TwoSidedTextCell.swift */; };
		1D3987E8233BE1AB00CDA0DD /* DoneViewController.swift in Sources */ = {isa = PBXBuildFile; fileRef = 1D3987E7233BE1AB00CDA0DD /* DoneViewController.swift */; };
		1D3987EA233BE64500CDA0DD /* DeliveredViewController.swift in Sources */ = {isa = PBXBuildFile; fileRef = 1D3987E9233BE64500CDA0DD /* DeliveredViewController.swift */; };
		1D4728D3239198FA0068919F /* SignInViewController.swift in Sources */ = {isa = PBXBuildFile; fileRef = 1D4728D2239198FA0068919F /* SignInViewController.swift */; };
		1D4728D52391ADB20068919F /* Login.swift in Sources */ = {isa = PBXBuildFile; fileRef = 1D4728D42391ADB20068919F /* Login.swift */; };
		1D4728D72391B88B0068919F /* AuthenticationController.swift in Sources */ = {isa = PBXBuildFile; fileRef = 1D4728D62391B88B0068919F /* AuthenticationController.swift */; };
		1D4728D92391B9340068919F /* AuthenticationDAOSql.swift in Sources */ = {isa = PBXBuildFile; fileRef = 1D4728D82391B9340068919F /* AuthenticationDAOSql.swift */; };
		1D4728DB2391CBD00068919F /* AuthenticationDAOProtocol.swift in Sources */ = {isa = PBXBuildFile; fileRef = 1D4728DA2391CBD00068919F /* AuthenticationDAOProtocol.swift */; };
		1D61CECC232FE36A006FED94 /* LayoutController.swift in Sources */ = {isa = PBXBuildFile; fileRef = 1D61CECB232FE36A006FED94 /* LayoutController.swift */; };
		1D61CED42330AEC2006FED94 /* CardCellViewController.swift in Sources */ = {isa = PBXBuildFile; fileRef = 1D61CED32330AEC2006FED94 /* CardCellViewController.swift */; };
		1D6BB09B2362D50A00DDAF11 /* SpecificOrderHistoryViewController.swift in Sources */ = {isa = PBXBuildFile; fileRef = 1D6BB09A2362D50A00DDAF11 /* SpecificOrderHistoryViewController.swift */; };
		1D6BB09D2362D68000DDAF11 /* OrderHistory.swift in Sources */ = {isa = PBXBuildFile; fileRef = 1D6BB09C2362D68000DDAF11 /* OrderHistory.swift */; };
		1D7455C623435D2200C33B0C /* AddressDTO.swift in Sources */ = {isa = PBXBuildFile; fileRef = 1D7455C523435D2200C33B0C /* AddressDTO.swift */; };
		1D7455C823435DEA00C33B0C /* TeamDTO.swift in Sources */ = {isa = PBXBuildFile; fileRef = 1D7455C723435DEA00C33B0C /* TeamDTO.swift */; };
		1D7455CA23435E2000C33B0C /* RacketDTO.swift in Sources */ = {isa = PBXBuildFile; fileRef = 1D7455C923435E2000C33B0C /* RacketDTO.swift */; };
		1D7455CC23435E9700C33B0C /* CompanyDTO.swift in Sources */ = {isa = PBXBuildFile; fileRef = 1D7455CB23435E9700C33B0C /* CompanyDTO.swift */; };
		1D7455CE23435F2300C33B0C /* StorageDTO.swift in Sources */ = {isa = PBXBuildFile; fileRef = 1D7455CD23435F2300C33B0C /* StorageDTO.swift */; };
		1D7455D0234372B300C33B0C /* RacketStringDTO.swift in Sources */ = {isa = PBXBuildFile; fileRef = 1D7455CF234372B300C33B0C /* RacketStringDTO.swift */; };
		1D7455D22345C73400C33B0C /* EconomyDTO.swift in Sources */ = {isa = PBXBuildFile; fileRef = 1D7455D12345C73400C33B0C /* EconomyDTO.swift */; };
		1D7455D62345CD9900C33B0C /* CustomerDTO.swift in Sources */ = {isa = PBXBuildFile; fileRef = 1D7455D52345CD9900C33B0C /* CustomerDTO.swift */; };
		1DB88BC32393F3F800223265 /* UtilityTest.swift in Sources */ = {isa = PBXBuildFile; fileRef = 1DB88BC22393F3F800223265 /* UtilityTest.swift */; };
		1DD8D19A235C67C900074BC2 /* PurchaseHistoryDTO.swift in Sources */ = {isa = PBXBuildFile; fileRef = 1DD8D199235C67C900074BC2 /* PurchaseHistoryDTO.swift */; };
		1DD8D19C235C681F00074BC2 /* PurchaseHistory.swift in Sources */ = {isa = PBXBuildFile; fileRef = 1DD8D19B235C681F00074BC2 /* PurchaseHistory.swift */; };
		1DE69BE923588F1900AD0864 /* StorageDAOFirebase.swift in Sources */ = {isa = PBXBuildFile; fileRef = 1DE69BE823588F1900AD0864 /* StorageDAOFirebase.swift */; };
		1DF66C2C232F733F0007E2C3 /* Constant.swift in Sources */ = {isa = PBXBuildFile; fileRef = 1DF66C2B232F733F0007E2C3 /* Constant.swift */; };
		1DF66C2F232F73AC0007E2C3 /* CardCell.swift in Sources */ = {isa = PBXBuildFile; fileRef = 1DF66C2E232F73AC0007E2C3 /* CardCell.swift */; };
		B30C12F2235A04FF00CB32A0 /* OrderStatus.swift in Sources */ = {isa = PBXBuildFile; fileRef = B30C12F1235A04FF00CB32A0 /* OrderStatus.swift */; };
		B319DDCE2361DD42007878F6 /* RacketController.swift in Sources */ = {isa = PBXBuildFile; fileRef = B319DDCD2361DD42007878F6 /* RacketController.swift */; };
		B326E87223435C4F0040E9F3 /* ShopController.swift in Sources */ = {isa = PBXBuildFile; fileRef = B326E87123435C4F0040E9F3 /* ShopController.swift */; };
		B326E87423435C690040E9F3 /* ShopDAOFirebase.swift in Sources */ = {isa = PBXBuildFile; fileRef = B326E87323435C690040E9F3 /* ShopDAOFirebase.swift */; };
		B326E87623435C7E0040E9F3 /* ShopDAOProtocol.swift in Sources */ = {isa = PBXBuildFile; fileRef = B326E87523435C7E0040E9F3 /* ShopDAOProtocol.swift */; };
		B327847B235B592C00D67B9B /* OrderCellGenerel.swift in Sources */ = {isa = PBXBuildFile; fileRef = B327847A235B592C00D67B9B /* OrderCellGenerel.swift */; };
		B327847D235B5E6800D67B9B /* CompletedViewController.swift in Sources */ = {isa = PBXBuildFile; fileRef = B327847C235B5E6800D67B9B /* CompletedViewController.swift */; };
		B32B6BBA23360B1700ABD6A8 /* StorageCell.swift in Sources */ = {isa = PBXBuildFile; fileRef = B32B6BB923360B1700ABD6A8 /* StorageCell.swift */; };
		B342AF23235DB1200033E869 /* UpdateStorageDelegate.swift in Sources */ = {isa = PBXBuildFile; fileRef = B342AF22235DB1200033E869 /* UpdateStorageDelegate.swift */; };
		B34DF28D232B77FF00D9CCA8 /* AppDelegate.swift in Sources */ = {isa = PBXBuildFile; fileRef = B34DF28C232B77FF00D9CCA8 /* AppDelegate.swift */; };
		B34DF294232B780000D9CCA8 /* Assets.xcassets in Resources */ = {isa = PBXBuildFile; fileRef = B34DF293232B780000D9CCA8 /* Assets.xcassets */; };
		B34DF297232B780000D9CCA8 /* LaunchScreen.storyboard in Resources */ = {isa = PBXBuildFile; fileRef = B34DF295232B780000D9CCA8 /* LaunchScreen.storyboard */; };
		B34DF2A3232B91B600D9CCA8 /* GoogleService-Info.plist in Resources */ = {isa = PBXBuildFile; fileRef = B34DF2A2232B91B600D9CCA8 /* GoogleService-Info.plist */; };
		B356A53F235727F5002B92A0 /* FindCustomerDelegate.swift in Sources */ = {isa = PBXBuildFile; fileRef = B356A53E235727F5002B92A0 /* FindCustomerDelegate.swift */; };
		B3606A47234DCAED003199FB /* RemoveStringerDelegate.swift in Sources */ = {isa = PBXBuildFile; fileRef = B3606A46234DCAED003199FB /* RemoveStringerDelegate.swift */; };
		B3660A762346421C005A780D /* ShopDTO.swift in Sources */ = {isa = PBXBuildFile; fileRef = B3660A752346421C005A780D /* ShopDTO.swift */; };
		B36B428C232BABFA00954357 /* Shop.swift in Sources */ = {isa = PBXBuildFile; fileRef = B36B428B232BABFA00954357 /* Shop.swift */; };
		B36B428E232BACA000954357 /* Address.swift in Sources */ = {isa = PBXBuildFile; fileRef = B36B428D232BACA000954357 /* Address.swift */; };
		B37564D1236AC9D500830FFC /* SplashScreen.swift in Sources */ = {isa = PBXBuildFile; fileRef = B37564D0236AC9D500830FFC /* SplashScreen.swift */; };
		B380D0D323630589004144B5 /* OrderModifierDelegate.swift in Sources */ = {isa = PBXBuildFile; fileRef = B380D0D223630589004144B5 /* OrderModifierDelegate.swift */; };
		B382008C2361D52F00C2D666 /* RacketDAOFirebase.swift in Sources */ = {isa = PBXBuildFile; fileRef = B382008B2361D52F00C2D666 /* RacketDAOFirebase.swift */; };
		B382008E2361D54A00C2D666 /* RacketDAOProtocol.swift in Sources */ = {isa = PBXBuildFile; fileRef = B382008D2361D54A00C2D666 /* RacketDAOProtocol.swift */; };
		B38C5B84232BC94000116BC1 /* Team.swift in Sources */ = {isa = PBXBuildFile; fileRef = B38C5B83232BC94000116BC1 /* Team.swift */; };
		B38C5B86232BC97400116BC1 /* Racket.swift in Sources */ = {isa = PBXBuildFile; fileRef = B38C5B85232BC97400116BC1 /* Racket.swift */; };
		B38C5B88232BCAA800116BC1 /* Company.swift in Sources */ = {isa = PBXBuildFile; fileRef = B38C5B87232BCAA800116BC1 /* Company.swift */; };
		B38C5B8A232BCB2C00116BC1 /* Storage.swift in Sources */ = {isa = PBXBuildFile; fileRef = B38C5B89232BCB2C00116BC1 /* Storage.swift */; };
		B38C5B8C232BCBDE00116BC1 /* RacketString.swift in Sources */ = {isa = PBXBuildFile; fileRef = B38C5B8B232BCBDE00116BC1 /* RacketString.swift */; };
		B38C5B8E232BCF1900116BC1 /* Economy.swift in Sources */ = {isa = PBXBuildFile; fileRef = B38C5B8D232BCF1900116BC1 /* Economy.swift */; };
		B38C5B92232BD1D000116BC1 /* Customer.swift in Sources */ = {isa = PBXBuildFile; fileRef = B38C5B91232BD1D000116BC1 /* Customer.swift */; };
		B38C5B94232BD36900116BC1 /* Stringer.swift in Sources */ = {isa = PBXBuildFile; fileRef = B38C5B93232BD36900116BC1 /* Stringer.swift */; };
		B38C5B96232BD3FC00116BC1 /* Order.swift in Sources */ = {isa = PBXBuildFile; fileRef = B38C5B95232BD3FC00116BC1 /* Order.swift */; };
		B38C5B98232BDD3200116BC1 /* RootTabBarController.swift in Sources */ = {isa = PBXBuildFile; fileRef = B38C5B97232BDD3200116BC1 /* RootTabBarController.swift */; };
		B38C5B9A232BDDFF00116BC1 /* OrderViewController.swift in Sources */ = {isa = PBXBuildFile; fileRef = B38C5B99232BDDFF00116BC1 /* OrderViewController.swift */; };
		B38C5B9C232BDE8700116BC1 /* TestRacketViewController.swift in Sources */ = {isa = PBXBuildFile; fileRef = B38C5B9B232BDE8700116BC1 /* TestRacketViewController.swift */; };
		B38C5B9E232BDEF200116BC1 /* EconomyViewController.swift in Sources */ = {isa = PBXBuildFile; fileRef = B38C5B9D232BDEF200116BC1 /* EconomyViewController.swift */; };
		B38C5BA0232BDF1700116BC1 /* StorageViewController.swift in Sources */ = {isa = PBXBuildFile; fileRef = B38C5B9F232BDF1700116BC1 /* StorageViewController.swift */; };
		B38C5BA2232BDF4000116BC1 /* TeamViewController.swift in Sources */ = {isa = PBXBuildFile; fileRef = B38C5BA1232BDF4000116BC1 /* TeamViewController.swift */; };
		B38C5BA5232BE45A00116BC1 /* RacketType.swift in Sources */ = {isa = PBXBuildFile; fileRef = B38C5BA4232BE45A00116BC1 /* RacketType.swift */; };
		B38C5BA7232BE4B500116BC1 /* StringType.swift in Sources */ = {isa = PBXBuildFile; fileRef = B38C5BA6232BE4B500116BC1 /* StringType.swift */; };
		B38C5BA9232BE4DD00116BC1 /* StringColor.swift in Sources */ = {isa = PBXBuildFile; fileRef = B38C5BA8232BE4DD00116BC1 /* StringColor.swift */; };
		B38C5BAB232BE5BD00116BC1 /* RacketBrand.swift in Sources */ = {isa = PBXBuildFile; fileRef = B38C5BAA232BE5BD00116BC1 /* RacketBrand.swift */; };
		B38C5BAD232BE70D00116BC1 /* StringBrand.swift in Sources */ = {isa = PBXBuildFile; fileRef = B38C5BAC232BE70D00116BC1 /* StringBrand.swift */; };
		B3903C062333652700367E5F /* OrderDAOFirebase.swift in Sources */ = {isa = PBXBuildFile; fileRef = B3903C052333652700367E5F /* OrderDAOFirebase.swift */; };
		B3903C092333654500367E5F /* OrderDAOProtocol.swift in Sources */ = {isa = PBXBuildFile; fileRef = B3903C082333654500367E5F /* OrderDAOProtocol.swift */; };
		B3903C0C233365B800367E5F /* OrderDTO.swift in Sources */ = {isa = PBXBuildFile; fileRef = B3903C0B233365B800367E5F /* OrderDTO.swift */; };
		B3903C0E2333672900367E5F /* Firebase.swift in Sources */ = {isa = PBXBuildFile; fileRef = B3903C0D2333672900367E5F /* Firebase.swift */; };
		B398EC1A2395225000ECFF59 /* LoginResponse.swift in Sources */ = {isa = PBXBuildFile; fileRef = B398EC192395225000ECFF59 /* LoginResponse.swift */; };
		B39CCE8823565CEB00EA892B /* CustomerDAOProtocol.swift in Sources */ = {isa = PBXBuildFile; fileRef = B39CCE8723565CEB00EA892B /* CustomerDAOProtocol.swift */; };
		B39CCE8A23565DA200EA892B /* CustomerDAOFirebase.swift in Sources */ = {isa = PBXBuildFile; fileRef = B39CCE8923565DA200EA892B /* CustomerDAOFirebase.swift */; };
		B3A1B5F523508B5900B1133E /* CreateOrderViewController.swift in Sources */ = {isa = PBXBuildFile; fileRef = B3A1B5F423508B5900B1133E /* CreateOrderViewController.swift */; };
		B3AE71612337F8ED001E2EF6 /* StorageController.swift in Sources */ = {isa = PBXBuildFile; fileRef = B3AE71602337F8ED001E2EF6 /* StorageController.swift */; };
		B3B3DBDA233BA233001498D4 /* UserCell.swift in Sources */ = {isa = PBXBuildFile; fileRef = B3B3DBD9233BA233001498D4 /* UserCell.swift */; };
		B3B3DBDC233BAA0E001498D4 /* PopupViewController.swift in Sources */ = {isa = PBXBuildFile; fileRef = B3B3DBDB233BAA0E001498D4 /* PopupViewController.swift */; };
		B3B92B5923339D1500C39052 /* Exception.swift in Sources */ = {isa = PBXBuildFile; fileRef = B3B92B5823339D1500C39052 /* Exception.swift */; };
		B3B92B5B2333A44600C39052 /* DataController.swift in Sources */ = {isa = PBXBuildFile; fileRef = B3B92B5A2333A44600C39052 /* DataController.swift */; };
		B3B92B5E2333A9A500C39052 /* OrderController.swift in Sources */ = {isa = PBXBuildFile; fileRef = B3B92B5D2333A9A500C39052 /* OrderController.swift */; };
		B3B92B602333AE9600C39052 /* Observer.swift in Sources */ = {isa = PBXBuildFile; fileRef = B3B92B5F2333AE9600C39052 /* Observer.swift */; };
		B3B92B622333AEF700C39052 /* Observerable.swift in Sources */ = {isa = PBXBuildFile; fileRef = B3B92B612333AEF700C39052 /* Observerable.swift */; };
		B3C4599D2355DE5900A50C51 /* CustomerController.swift in Sources */ = {isa = PBXBuildFile; fileRef = B3C4599C2355DE5900A50C51 /* CustomerController.swift */; };
		B3C4599F2355DEB100A50C51 /* FindCustomerViewController.swift in Sources */ = {isa = PBXBuildFile; fileRef = B3C4599E2355DEB100A50C51 /* FindCustomerViewController.swift */; };
		B3CAF9872341F229005F5B38 /* TeamController.swift in Sources */ = {isa = PBXBuildFile; fileRef = B3CAF9862341F229005F5B38 /* TeamController.swift */; };
		B3CAF9892341FB67005F5B38 /* TeamDAOFirebase.swift in Sources */ = {isa = PBXBuildFile; fileRef = B3CAF9882341FB67005F5B38 /* TeamDAOFirebase.swift */; };
		B3CAF98B2341FC6D005F5B38 /* TeamDAOProtocol.swift in Sources */ = {isa = PBXBuildFile; fileRef = B3CAF98A2341FC6D005F5B38 /* TeamDAOProtocol.swift */; };
		B3CAF98D2341FD7E005F5B38 /* ControlReg.swift in Sources */ = {isa = PBXBuildFile; fileRef = B3CAF98C2341FD7E005F5B38 /* ControlReg.swift */; };
		B3CAF98F2342017E005F5B38 /* StringerDTO.swift in Sources */ = {isa = PBXBuildFile; fileRef = B3CAF98E2342017E005F5B38 /* StringerDTO.swift */; };
		B3FB2C78232D0335003728C4 /* Extention.swift in Sources */ = {isa = PBXBuildFile; fileRef = B3FB2C77232D0335003728C4 /* Extention.swift */; };
		B3FB2C88232D2AA2003728C4 /* Localizable.strings in Resources */ = {isa = PBXBuildFile; fileRef = B3FB2C8A232D2AA2003728C4 /* Localizable.strings */; };
		B3FB2C8D232D2BF4003728C4 /* Utility.swift in Sources */ = {isa = PBXBuildFile; fileRef = B3FB2C8C232D2BF4003728C4 /* Utility.swift */; };
		B3FB2CAD232D4119003728C4 /* Layout.swift in Sources */ = {isa = PBXBuildFile; fileRef = B3FB2CAC232D4119003728C4 /* Layout.swift */; };
		F21A83B64C99ECB253DEFAEC /* Pods_StringR_Store.framework in Frameworks */ = {isa = PBXBuildFile; fileRef = 2A4D864A13881F526B2ED2D0 /* Pods_StringR_Store.framework */; };
/* End PBXBuildFile section */

/* Begin PBXContainerItemProxy section */
		1D4728CD23918D580068919F /* PBXContainerItemProxy */ = {
			isa = PBXContainerItemProxy;
			containerPortal = B34DF281232B77FF00D9CCA8 /* Project object */;
			proxyType = 1;
			remoteGlobalIDString = B34DF288232B77FF00D9CCA8;
			remoteInfo = StringR.Store;
		};
/* End PBXContainerItemProxy section */

/* Begin PBXFileReference section */
		1D11C1DB236C16DF00F764A4 /* AddStringerToTeamViewController.swift */ = {isa = PBXFileReference; lastKnownFileType = sourcecode.swift; path = AddStringerToTeamViewController.swift; sourceTree = "<group>"; };
		1D11C1DD236C3D2B00F764A4 /* AddStringerToTeamDelegate.swift */ = {isa = PBXFileReference; lastKnownFileType = sourcecode.swift; path = AddStringerToTeamDelegate.swift; sourceTree = "<group>"; };
		1D17717C2359CB0300DBC870 /* AddStringToStorageViewController.swift */ = {isa = PBXFileReference; fileEncoding = 4; lastKnownFileType = sourcecode.swift; path = AddStringToStorageViewController.swift; sourceTree = "<group>"; };
		1D17717E2359CC2700DBC870 /* StorageDAOProtocol.swift */ = {isa = PBXFileReference; fileEncoding = 4; lastKnownFileType = sourcecode.swift; path = StorageDAOProtocol.swift; sourceTree = "<group>"; };
		1D1771812359EBFB00DBC870 /* ShopSingleton.swift */ = {isa = PBXFileReference; lastKnownFileType = sourcecode.swift; path = ShopSingleton.swift; sourceTree = "<group>"; };
		1D177183235A086C00DBC870 /* SpecificStringInStorageViewController.swift */ = {isa = PBXFileReference; lastKnownFileType = sourcecode.swift; path = SpecificStringInStorageViewController.swift; sourceTree = "<group>"; };
		1D29807C23607C0E00225DCE /* SpecificOrderViewController.swift */ = {isa = PBXFileReference; lastKnownFileType = sourcecode.swift; path = SpecificOrderViewController.swift; sourceTree = "<group>"; };
		1D29807E2361CEC300225DCE /* StringerDetailViewController.swift */ = {isa = PBXFileReference; fileEncoding = 4; lastKnownFileType = sourcecode.swift; path = StringerDetailViewController.swift; sourceTree = "<group>"; };
		1D32FC1E236A1E4100AABEFB /* Color.swift */ = {isa = PBXFileReference; lastKnownFileType = sourcecode.swift; path = Color.swift; sourceTree = "<group>"; };
		1D32FC20236B24FF00AABEFB /* EconomyController.swift */ = {isa = PBXFileReference; lastKnownFileType = sourcecode.swift; path = EconomyController.swift; sourceTree = "<group>"; };
		1D32FC22236B25E700AABEFB /* EconomyInterval.swift */ = {isa = PBXFileReference; lastKnownFileType = sourcecode.swift; path = EconomyInterval.swift; sourceTree = "<group>"; };
		1D3987E1233B8E4B00CDA0DD /* ReceivedViewController.swift */ = {isa = PBXFileReference; lastKnownFileType = sourcecode.swift; path = ReceivedViewController.swift; sourceTree = "<group>"; };
		1D3987E5233BE06900CDA0DD /* TwoSidedTextCell.swift */ = {isa = PBXFileReference; lastKnownFileType = sourcecode.swift; path = TwoSidedTextCell.swift; sourceTree = "<group>"; };
		1D3987E7233BE1AB00CDA0DD /* DoneViewController.swift */ = {isa = PBXFileReference; lastKnownFileType = sourcecode.swift; path = DoneViewController.swift; sourceTree = "<group>"; };
		1D3987E9233BE64500CDA0DD /* DeliveredViewController.swift */ = {isa = PBXFileReference; lastKnownFileType = sourcecode.swift; path = DeliveredViewController.swift; sourceTree = "<group>"; };
		1D4728C823918D580068919F /* StringR StoreTests.xctest */ = {isa = PBXFileReference; explicitFileType = wrapper.cfbundle; includeInIndex = 0; path = "StringR StoreTests.xctest"; sourceTree = BUILT_PRODUCTS_DIR; };
		1D4728CC23918D580068919F /* Info.plist */ = {isa = PBXFileReference; lastKnownFileType = text.plist.xml; path = Info.plist; sourceTree = "<group>"; };
		1D4728D2239198FA0068919F /* SignInViewController.swift */ = {isa = PBXFileReference; lastKnownFileType = sourcecode.swift; path = SignInViewController.swift; sourceTree = "<group>"; };
		1D4728D42391ADB20068919F /* Login.swift */ = {isa = PBXFileReference; lastKnownFileType = sourcecode.swift; path = Login.swift; sourceTree = "<group>"; };
		1D4728D62391B88B0068919F /* AuthenticationController.swift */ = {isa = PBXFileReference; lastKnownFileType = sourcecode.swift; path = AuthenticationController.swift; sourceTree = "<group>"; };
		1D4728D82391B9340068919F /* AuthenticationDAOSql.swift */ = {isa = PBXFileReference; lastKnownFileType = sourcecode.swift; path = AuthenticationDAOSql.swift; sourceTree = "<group>"; };
		1D4728DA2391CBD00068919F /* AuthenticationDAOProtocol.swift */ = {isa = PBXFileReference; lastKnownFileType = sourcecode.swift; path = AuthenticationDAOProtocol.swift; sourceTree = "<group>"; };
		1D61CECB232FE36A006FED94 /* LayoutController.swift */ = {isa = PBXFileReference; lastKnownFileType = sourcecode.swift; path = LayoutController.swift; sourceTree = "<group>"; };
		1D61CED32330AEC2006FED94 /* CardCellViewController.swift */ = {isa = PBXFileReference; lastKnownFileType = sourcecode.swift; path = CardCellViewController.swift; sourceTree = "<group>"; };
		1D6BB09A2362D50A00DDAF11 /* SpecificOrderHistoryViewController.swift */ = {isa = PBXFileReference; lastKnownFileType = sourcecode.swift; path = SpecificOrderHistoryViewController.swift; sourceTree = "<group>"; };
		1D6BB09C2362D68000DDAF11 /* OrderHistory.swift */ = {isa = PBXFileReference; lastKnownFileType = sourcecode.swift; path = OrderHistory.swift; sourceTree = "<group>"; };
		1D7455C523435D2200C33B0C /* AddressDTO.swift */ = {isa = PBXFileReference; lastKnownFileType = sourcecode.swift; path = AddressDTO.swift; sourceTree = "<group>"; };
		1D7455C723435DEA00C33B0C /* TeamDTO.swift */ = {isa = PBXFileReference; lastKnownFileType = sourcecode.swift; path = TeamDTO.swift; sourceTree = "<group>"; };
		1D7455C923435E2000C33B0C /* RacketDTO.swift */ = {isa = PBXFileReference; lastKnownFileType = sourcecode.swift; path = RacketDTO.swift; sourceTree = "<group>"; };
		1D7455CB23435E9700C33B0C /* CompanyDTO.swift */ = {isa = PBXFileReference; lastKnownFileType = sourcecode.swift; path = CompanyDTO.swift; sourceTree = "<group>"; };
		1D7455CD23435F2300C33B0C /* StorageDTO.swift */ = {isa = PBXFileReference; lastKnownFileType = sourcecode.swift; path = StorageDTO.swift; sourceTree = "<group>"; };
		1D7455CF234372B300C33B0C /* RacketStringDTO.swift */ = {isa = PBXFileReference; lastKnownFileType = sourcecode.swift; path = RacketStringDTO.swift; sourceTree = "<group>"; };
		1D7455D12345C73400C33B0C /* EconomyDTO.swift */ = {isa = PBXFileReference; lastKnownFileType = sourcecode.swift; path = EconomyDTO.swift; sourceTree = "<group>"; };
		1D7455D52345CD9900C33B0C /* CustomerDTO.swift */ = {isa = PBXFileReference; lastKnownFileType = sourcecode.swift; path = CustomerDTO.swift; sourceTree = "<group>"; };
		1DB88BC22393F3F800223265 /* UtilityTest.swift */ = {isa = PBXFileReference; lastKnownFileType = sourcecode.swift; path = UtilityTest.swift; sourceTree = "<group>"; };
		1DD8D199235C67C900074BC2 /* PurchaseHistoryDTO.swift */ = {isa = PBXFileReference; lastKnownFileType = sourcecode.swift; path = PurchaseHistoryDTO.swift; sourceTree = "<group>"; };
		1DD8D19B235C681F00074BC2 /* PurchaseHistory.swift */ = {isa = PBXFileReference; lastKnownFileType = sourcecode.swift; path = PurchaseHistory.swift; sourceTree = "<group>"; };
		1DE69BE823588F1900AD0864 /* StorageDAOFirebase.swift */ = {isa = PBXFileReference; lastKnownFileType = sourcecode.swift; path = StorageDAOFirebase.swift; sourceTree = "<group>"; };
		1DF66C2B232F733F0007E2C3 /* Constant.swift */ = {isa = PBXFileReference; fileEncoding = 4; lastKnownFileType = sourcecode.swift; path = Constant.swift; sourceTree = "<group>"; };
		1DF66C2E232F73AC0007E2C3 /* CardCell.swift */ = {isa = PBXFileReference; fileEncoding = 4; lastKnownFileType = sourcecode.swift; path = CardCell.swift; sourceTree = "<group>"; };
		2A4D864A13881F526B2ED2D0 /* Pods_StringR_Store.framework */ = {isa = PBXFileReference; explicitFileType = wrapper.framework; includeInIndex = 0; path = Pods_StringR_Store.framework; sourceTree = BUILT_PRODUCTS_DIR; };
		60D2BEA5B6E1279210353F2E /* Pods-StringR.Store.release.xcconfig */ = {isa = PBXFileReference; includeInIndex = 1; lastKnownFileType = text.xcconfig; name = "Pods-StringR.Store.release.xcconfig"; path = "Target Support Files/Pods-StringR.Store/Pods-StringR.Store.release.xcconfig"; sourceTree = "<group>"; };
		8F3191B6B0C74E540AB71DF0 /* Pods-StringR.Store.debug.xcconfig */ = {isa = PBXFileReference; includeInIndex = 1; lastKnownFileType = text.xcconfig; name = "Pods-StringR.Store.debug.xcconfig"; path = "Target Support Files/Pods-StringR.Store/Pods-StringR.Store.debug.xcconfig"; sourceTree = "<group>"; };
		B30C12F1235A04FF00CB32A0 /* OrderStatus.swift */ = {isa = PBXFileReference; lastKnownFileType = sourcecode.swift; path = OrderStatus.swift; sourceTree = "<group>"; };
		B319DDCD2361DD42007878F6 /* RacketController.swift */ = {isa = PBXFileReference; lastKnownFileType = sourcecode.swift; path = RacketController.swift; sourceTree = "<group>"; };
		B326E87123435C4F0040E9F3 /* ShopController.swift */ = {isa = PBXFileReference; lastKnownFileType = sourcecode.swift; path = ShopController.swift; sourceTree = "<group>"; };
		B326E87323435C690040E9F3 /* ShopDAOFirebase.swift */ = {isa = PBXFileReference; lastKnownFileType = sourcecode.swift; path = ShopDAOFirebase.swift; sourceTree = "<group>"; };
		B326E87523435C7E0040E9F3 /* ShopDAOProtocol.swift */ = {isa = PBXFileReference; lastKnownFileType = sourcecode.swift; path = ShopDAOProtocol.swift; sourceTree = "<group>"; };
		B327847A235B592C00D67B9B /* OrderCellGenerel.swift */ = {isa = PBXFileReference; lastKnownFileType = sourcecode.swift; path = OrderCellGenerel.swift; sourceTree = "<group>"; };
		B327847C235B5E6800D67B9B /* CompletedViewController.swift */ = {isa = PBXFileReference; lastKnownFileType = sourcecode.swift; path = CompletedViewController.swift; sourceTree = "<group>"; };
		B32B6BB923360B1700ABD6A8 /* StorageCell.swift */ = {isa = PBXFileReference; lastKnownFileType = sourcecode.swift; path = StorageCell.swift; sourceTree = "<group>"; };
		B342AF22235DB1200033E869 /* UpdateStorageDelegate.swift */ = {isa = PBXFileReference; lastKnownFileType = sourcecode.swift; path = UpdateStorageDelegate.swift; sourceTree = "<group>"; };
		B34DF289232B77FF00D9CCA8 /* ProStringR Store.app */ = {isa = PBXFileReference; explicitFileType = wrapper.application; includeInIndex = 0; path = "ProStringR Store.app"; sourceTree = BUILT_PRODUCTS_DIR; };
		B34DF28C232B77FF00D9CCA8 /* AppDelegate.swift */ = {isa = PBXFileReference; lastKnownFileType = sourcecode.swift; path = AppDelegate.swift; sourceTree = "<group>"; };
		B34DF293232B780000D9CCA8 /* Assets.xcassets */ = {isa = PBXFileReference; lastKnownFileType = folder.assetcatalog; path = Assets.xcassets; sourceTree = "<group>"; };
		B34DF296232B780000D9CCA8 /* Base */ = {isa = PBXFileReference; lastKnownFileType = file.storyboard; name = Base; path = Base.lproj/LaunchScreen.storyboard; sourceTree = "<group>"; };
		B34DF298232B780000D9CCA8 /* Info.plist */ = {isa = PBXFileReference; lastKnownFileType = text.plist.xml; path = Info.plist; sourceTree = "<group>"; };
		B34DF2A2232B91B600D9CCA8 /* GoogleService-Info.plist */ = {isa = PBXFileReference; fileEncoding = 4; lastKnownFileType = text.plist.xml; path = "GoogleService-Info.plist"; sourceTree = "<group>"; };
		B356A53E235727F5002B92A0 /* FindCustomerDelegate.swift */ = {isa = PBXFileReference; lastKnownFileType = sourcecode.swift; path = FindCustomerDelegate.swift; sourceTree = "<group>"; };
		B3606A46234DCAED003199FB /* RemoveStringerDelegate.swift */ = {isa = PBXFileReference; lastKnownFileType = sourcecode.swift; path = RemoveStringerDelegate.swift; sourceTree = "<group>"; };
		B3660A752346421C005A780D /* ShopDTO.swift */ = {isa = PBXFileReference; lastKnownFileType = sourcecode.swift; path = ShopDTO.swift; sourceTree = "<group>"; };
		B36B428B232BABFA00954357 /* Shop.swift */ = {isa = PBXFileReference; lastKnownFileType = sourcecode.swift; path = Shop.swift; sourceTree = "<group>"; };
		B36B428D232BACA000954357 /* Address.swift */ = {isa = PBXFileReference; lastKnownFileType = sourcecode.swift; path = Address.swift; sourceTree = "<group>"; };
		B37564D0236AC9D500830FFC /* SplashScreen.swift */ = {isa = PBXFileReference; lastKnownFileType = sourcecode.swift; path = SplashScreen.swift; sourceTree = "<group>"; };
		B380D0D223630589004144B5 /* OrderModifierDelegate.swift */ = {isa = PBXFileReference; lastKnownFileType = sourcecode.swift; path = OrderModifierDelegate.swift; sourceTree = "<group>"; };
		B382008B2361D52F00C2D666 /* RacketDAOFirebase.swift */ = {isa = PBXFileReference; lastKnownFileType = sourcecode.swift; path = RacketDAOFirebase.swift; sourceTree = "<group>"; };
		B382008D2361D54A00C2D666 /* RacketDAOProtocol.swift */ = {isa = PBXFileReference; lastKnownFileType = sourcecode.swift; path = RacketDAOProtocol.swift; sourceTree = "<group>"; };
		B38C5B83232BC94000116BC1 /* Team.swift */ = {isa = PBXFileReference; lastKnownFileType = sourcecode.swift; path = Team.swift; sourceTree = "<group>"; };
		B38C5B85232BC97400116BC1 /* Racket.swift */ = {isa = PBXFileReference; lastKnownFileType = sourcecode.swift; path = Racket.swift; sourceTree = "<group>"; };
		B38C5B87232BCAA800116BC1 /* Company.swift */ = {isa = PBXFileReference; lastKnownFileType = sourcecode.swift; path = Company.swift; sourceTree = "<group>"; };
		B38C5B89232BCB2C00116BC1 /* Storage.swift */ = {isa = PBXFileReference; lastKnownFileType = sourcecode.swift; path = Storage.swift; sourceTree = "<group>"; };
		B38C5B8B232BCBDE00116BC1 /* RacketString.swift */ = {isa = PBXFileReference; lastKnownFileType = sourcecode.swift; path = RacketString.swift; sourceTree = "<group>"; };
		B38C5B8D232BCF1900116BC1 /* Economy.swift */ = {isa = PBXFileReference; lastKnownFileType = sourcecode.swift; path = Economy.swift; sourceTree = "<group>"; };
		B38C5B91232BD1D000116BC1 /* Customer.swift */ = {isa = PBXFileReference; lastKnownFileType = sourcecode.swift; path = Customer.swift; sourceTree = "<group>"; };
		B38C5B93232BD36900116BC1 /* Stringer.swift */ = {isa = PBXFileReference; lastKnownFileType = sourcecode.swift; path = Stringer.swift; sourceTree = "<group>"; };
		B38C5B95232BD3FC00116BC1 /* Order.swift */ = {isa = PBXFileReference; lastKnownFileType = sourcecode.swift; path = Order.swift; sourceTree = "<group>"; };
		B38C5B97232BDD3200116BC1 /* RootTabBarController.swift */ = {isa = PBXFileReference; lastKnownFileType = sourcecode.swift; path = RootTabBarController.swift; sourceTree = "<group>"; };
		B38C5B99232BDDFF00116BC1 /* OrderViewController.swift */ = {isa = PBXFileReference; lastKnownFileType = sourcecode.swift; path = OrderViewController.swift; sourceTree = "<group>"; };
		B38C5B9B232BDE8700116BC1 /* TestRacketViewController.swift */ = {isa = PBXFileReference; lastKnownFileType = sourcecode.swift; path = TestRacketViewController.swift; sourceTree = "<group>"; };
		B38C5B9D232BDEF200116BC1 /* EconomyViewController.swift */ = {isa = PBXFileReference; lastKnownFileType = sourcecode.swift; path = EconomyViewController.swift; sourceTree = "<group>"; };
		B38C5B9F232BDF1700116BC1 /* StorageViewController.swift */ = {isa = PBXFileReference; lastKnownFileType = sourcecode.swift; path = StorageViewController.swift; sourceTree = "<group>"; };
		B38C5BA1232BDF4000116BC1 /* TeamViewController.swift */ = {isa = PBXFileReference; lastKnownFileType = sourcecode.swift; path = TeamViewController.swift; sourceTree = "<group>"; };
		B38C5BA4232BE45A00116BC1 /* RacketType.swift */ = {isa = PBXFileReference; lastKnownFileType = sourcecode.swift; path = RacketType.swift; sourceTree = "<group>"; };
		B38C5BA6232BE4B500116BC1 /* StringType.swift */ = {isa = PBXFileReference; lastKnownFileType = sourcecode.swift; path = StringType.swift; sourceTree = "<group>"; };
		B38C5BA8232BE4DD00116BC1 /* StringColor.swift */ = {isa = PBXFileReference; lastKnownFileType = sourcecode.swift; path = StringColor.swift; sourceTree = "<group>"; };
		B38C5BAA232BE5BD00116BC1 /* RacketBrand.swift */ = {isa = PBXFileReference; lastKnownFileType = sourcecode.swift; path = RacketBrand.swift; sourceTree = "<group>"; };
		B38C5BAC232BE70D00116BC1 /* StringBrand.swift */ = {isa = PBXFileReference; lastKnownFileType = sourcecode.swift; path = StringBrand.swift; sourceTree = "<group>"; };
		B3903C052333652700367E5F /* OrderDAOFirebase.swift */ = {isa = PBXFileReference; lastKnownFileType = sourcecode.swift; path = OrderDAOFirebase.swift; sourceTree = "<group>"; };
		B3903C082333654500367E5F /* OrderDAOProtocol.swift */ = {isa = PBXFileReference; lastKnownFileType = sourcecode.swift; path = OrderDAOProtocol.swift; sourceTree = "<group>"; };
		B3903C0B233365B800367E5F /* OrderDTO.swift */ = {isa = PBXFileReference; lastKnownFileType = sourcecode.swift; path = OrderDTO.swift; sourceTree = "<group>"; };
		B3903C0D2333672900367E5F /* Firebase.swift */ = {isa = PBXFileReference; lastKnownFileType = sourcecode.swift; path = Firebase.swift; sourceTree = "<group>"; };
		B398EC192395225000ECFF59 /* LoginResponse.swift */ = {isa = PBXFileReference; lastKnownFileType = sourcecode.swift; path = LoginResponse.swift; sourceTree = "<group>"; };
		B39CCE8723565CEB00EA892B /* CustomerDAOProtocol.swift */ = {isa = PBXFileReference; lastKnownFileType = sourcecode.swift; path = CustomerDAOProtocol.swift; sourceTree = "<group>"; };
		B39CCE8923565DA200EA892B /* CustomerDAOFirebase.swift */ = {isa = PBXFileReference; lastKnownFileType = sourcecode.swift; path = CustomerDAOFirebase.swift; sourceTree = "<group>"; };
		B3A1B5F423508B5900B1133E /* CreateOrderViewController.swift */ = {isa = PBXFileReference; lastKnownFileType = sourcecode.swift; path = CreateOrderViewController.swift; sourceTree = "<group>"; };
		B3AE71602337F8ED001E2EF6 /* StorageController.swift */ = {isa = PBXFileReference; lastKnownFileType = sourcecode.swift; path = StorageController.swift; sourceTree = "<group>"; };
		B3B3DBD9233BA233001498D4 /* UserCell.swift */ = {isa = PBXFileReference; lastKnownFileType = sourcecode.swift; path = UserCell.swift; sourceTree = "<group>"; };
		B3B3DBDB233BAA0E001498D4 /* PopupViewController.swift */ = {isa = PBXFileReference; lastKnownFileType = sourcecode.swift; path = PopupViewController.swift; sourceTree = "<group>"; };
		B3B92B5823339D1500C39052 /* Exception.swift */ = {isa = PBXFileReference; lastKnownFileType = sourcecode.swift; path = Exception.swift; sourceTree = "<group>"; };
		B3B92B5A2333A44600C39052 /* DataController.swift */ = {isa = PBXFileReference; lastKnownFileType = sourcecode.swift; path = DataController.swift; sourceTree = "<group>"; };
		B3B92B5D2333A9A500C39052 /* OrderController.swift */ = {isa = PBXFileReference; lastKnownFileType = sourcecode.swift; path = OrderController.swift; sourceTree = "<group>"; };
		B3B92B5F2333AE9600C39052 /* Observer.swift */ = {isa = PBXFileReference; lastKnownFileType = sourcecode.swift; path = Observer.swift; sourceTree = "<group>"; };
		B3B92B612333AEF700C39052 /* Observerable.swift */ = {isa = PBXFileReference; lastKnownFileType = sourcecode.swift; path = Observerable.swift; sourceTree = "<group>"; };
		B3C4599C2355DE5900A50C51 /* CustomerController.swift */ = {isa = PBXFileReference; lastKnownFileType = sourcecode.swift; path = CustomerController.swift; sourceTree = "<group>"; };
		B3C4599E2355DEB100A50C51 /* FindCustomerViewController.swift */ = {isa = PBXFileReference; lastKnownFileType = sourcecode.swift; path = FindCustomerViewController.swift; sourceTree = "<group>"; };
		B3CAF9862341F229005F5B38 /* TeamController.swift */ = {isa = PBXFileReference; lastKnownFileType = sourcecode.swift; path = TeamController.swift; sourceTree = "<group>"; };
		B3CAF9882341FB67005F5B38 /* TeamDAOFirebase.swift */ = {isa = PBXFileReference; lastKnownFileType = sourcecode.swift; path = TeamDAOFirebase.swift; sourceTree = "<group>"; };
		B3CAF98A2341FC6D005F5B38 /* TeamDAOProtocol.swift */ = {isa = PBXFileReference; lastKnownFileType = sourcecode.swift; path = TeamDAOProtocol.swift; sourceTree = "<group>"; };
		B3CAF98C2341FD7E005F5B38 /* ControlReg.swift */ = {isa = PBXFileReference; lastKnownFileType = sourcecode.swift; path = ControlReg.swift; sourceTree = "<group>"; };
		B3CAF98E2342017E005F5B38 /* StringerDTO.swift */ = {isa = PBXFileReference; lastKnownFileType = sourcecode.swift; path = StringerDTO.swift; sourceTree = "<group>"; };
		B3FB2C77232D0335003728C4 /* Extention.swift */ = {isa = PBXFileReference; lastKnownFileType = sourcecode.swift; path = Extention.swift; sourceTree = "<group>"; };
		B3FB2C85232D2A01003728C4 /* da */ = {isa = PBXFileReference; lastKnownFileType = text.plist.strings; name = da; path = da.lproj/LaunchScreen.strings; sourceTree = "<group>"; };
		B3FB2C89232D2AA2003728C4 /* en */ = {isa = PBXFileReference; lastKnownFileType = text.plist.strings; name = en; path = en.lproj/Localizable.strings; sourceTree = "<group>"; };
		B3FB2C8B232D2AA9003728C4 /* da */ = {isa = PBXFileReference; lastKnownFileType = text.plist.strings; name = da; path = da.lproj/Localizable.strings; sourceTree = "<group>"; };
		B3FB2C8C232D2BF4003728C4 /* Utility.swift */ = {isa = PBXFileReference; lastKnownFileType = sourcecode.swift; path = Utility.swift; sourceTree = "<group>"; };
		B3FB2CAC232D4119003728C4 /* Layout.swift */ = {isa = PBXFileReference; lastKnownFileType = sourcecode.swift; path = Layout.swift; sourceTree = "<group>"; };
/* End PBXFileReference section */

/* Begin PBXFrameworksBuildPhase section */
		1D4728C523918D580068919F /* Frameworks */ = {
			isa = PBXFrameworksBuildPhase;
			buildActionMask = 2147483647;
			files = (
			);
			runOnlyForDeploymentPostprocessing = 0;
		};
		B34DF286232B77FF00D9CCA8 /* Frameworks */ = {
			isa = PBXFrameworksBuildPhase;
			buildActionMask = 2147483647;
			files = (
				F21A83B64C99ECB253DEFAEC /* Pods_StringR_Store.framework in Frameworks */,
			);
			runOnlyForDeploymentPostprocessing = 0;
		};
/* End PBXFrameworksBuildPhase section */

/* Begin PBXGroup section */
		0DEFAA9F022B6C91A9B58C46 /* Pods */ = {
			isa = PBXGroup;
			children = (
				8F3191B6B0C74E540AB71DF0 /* Pods-StringR.Store.debug.xcconfig */,
				60D2BEA5B6E1279210353F2E /* Pods-StringR.Store.release.xcconfig */,
			);
			path = Pods;
			sourceTree = "<group>";
		};
		1D1771802359EBD900DBC870 /* Singleton */ = {
			isa = PBXGroup;
			children = (
				1D1771812359EBFB00DBC870 /* ShopSingleton.swift */,
			);
			path = Singleton;
			sourceTree = "<group>";
		};
		1D3987E0233B8D4500CDA0DD /* OrderSubView */ = {
			isa = PBXGroup;
			children = (
				1D3987E1233B8E4B00CDA0DD /* ReceivedViewController.swift */,
				1D3987E7233BE1AB00CDA0DD /* DoneViewController.swift */,
				1D3987E9233BE64500CDA0DD /* DeliveredViewController.swift */,
				B3A1B5F423508B5900B1133E /* CreateOrderViewController.swift */,
				B327847C235B5E6800D67B9B /* CompletedViewController.swift */,
			);
			path = OrderSubView;
			sourceTree = "<group>";
		};
		1D4728C923918D580068919F /* StringR StoreTests */ = {
			isa = PBXGroup;
			children = (
				1DB88BC22393F3F800223265 /* UtilityTest.swift */,
				1D4728CC23918D580068919F /* Info.plist */,
			);
			path = "StringR StoreTests";
			sourceTree = "<group>";
		};
		1D61CECA232FE345006FED94 /* Controller */ = {
			isa = PBXGroup;
			children = (
				B3903C042333650600367E5F /* DAO */,
				1D61CED22330AE7F006FED94 /* ViewController */,
				B3CAF98C2341FD7E005F5B38 /* ControlReg.swift */,
				1D61CECB232FE36A006FED94 /* LayoutController.swift */,
				B3B92B5A2333A44600C39052 /* DataController.swift */,
				B3B92B5D2333A9A500C39052 /* OrderController.swift */,
				B3AE71602337F8ED001E2EF6 /* StorageController.swift */,
				B3CAF9862341F229005F5B38 /* TeamController.swift */,
				B326E87123435C4F0040E9F3 /* ShopController.swift */,
				B3C4599C2355DE5900A50C51 /* CustomerController.swift */,
				B319DDCD2361DD42007878F6 /* RacketController.swift */,
				1D32FC20236B24FF00AABEFB /* EconomyController.swift */,
				1D4728D62391B88B0068919F /* AuthenticationController.swift */,
			);
			path = Controller;
			sourceTree = "<group>";
		};
		1D61CED22330AE7F006FED94 /* ViewController */ = {
			isa = PBXGroup;
			children = (
				1D61CED32330AEC2006FED94 /* CardCellViewController.swift */,
			);
			path = ViewController;
			sourceTree = "<group>";
		};
		1D7455D92346449500C33B0C /* PopUp */ = {
			isa = PBXGroup;
			children = (
				1D29807E2361CEC300225DCE /* StringerDetailViewController.swift */,
				1D17717C2359CB0300DBC870 /* AddStringToStorageViewController.swift */,
				1D177183235A086C00DBC870 /* SpecificStringInStorageViewController.swift */,
				1D29807C23607C0E00225DCE /* SpecificOrderViewController.swift */,
				1D6BB09A2362D50A00DDAF11 /* SpecificOrderHistoryViewController.swift */,
				1D11C1DB236C16DF00F764A4 /* AddStringerToTeamViewController.swift */,
			);
			path = PopUp;
			sourceTree = "<group>";
		};
		1DF66C30232F73B30007E2C3 /* Cell */ = {
			isa = PBXGroup;
			children = (
				1DF66C2E232F73AC0007E2C3 /* CardCell.swift */,
				B32B6BB923360B1700ABD6A8 /* StorageCell.swift */,
				1D3987E5233BE06900CDA0DD /* TwoSidedTextCell.swift */,
				B3B3DBD9233BA233001498D4 /* UserCell.swift */,
				B327847A235B592C00D67B9B /* OrderCellGenerel.swift */,
			);
			path = Cell;
			sourceTree = "<group>";
		};
		4BBDA51BD0769BBE3FC52377 /* Frameworks */ = {
			isa = PBXGroup;
			children = (
				2A4D864A13881F526B2ED2D0 /* Pods_StringR_Store.framework */,
			);
			name = Frameworks;
			sourceTree = "<group>";
		};
		B34DF280232B77FF00D9CCA8 = {
			isa = PBXGroup;
			children = (
				B3FB2C8A232D2AA2003728C4 /* Localizable.strings */,
				B34DF28B232B77FF00D9CCA8 /* StringR.Store */,
				1D4728C923918D580068919F /* StringR StoreTests */,
				B34DF28A232B77FF00D9CCA8 /* Products */,
				0DEFAA9F022B6C91A9B58C46 /* Pods */,
				4BBDA51BD0769BBE3FC52377 /* Frameworks */,
			);
			sourceTree = "<group>";
		};
		B34DF28A232B77FF00D9CCA8 /* Products */ = {
			isa = PBXGroup;
			children = (
				B34DF289232B77FF00D9CCA8 /* ProStringR Store.app */,
				1D4728C823918D580068919F /* StringR StoreTests.xctest */,
			);
			name = Products;
			sourceTree = "<group>";
		};
		B34DF28B232B77FF00D9CCA8 /* StringR.Store */ = {
			isa = PBXGroup;
			children = (
				1D1771802359EBD900DBC870 /* Singleton */,
				B3B92B5723339D0800C39052 /* Error */,
				B3903C072333653000367E5F /* Protocol */,
				1D61CECA232FE345006FED94 /* Controller */,
				1DF66C30232F73B30007E2C3 /* Cell */,
				B3FB2C76232D030C003728C4 /* Utility */,
				B38C5BA3232BE40C00116BC1 /* Enum */,
				B36B428A232BABB100954357 /* Model */,
				B34DF2A0232B8F6C00D9CCA8 /* View */,
				B34DF28C232B77FF00D9CCA8 /* AppDelegate.swift */,
				B34DF293232B780000D9CCA8 /* Assets.xcassets */,
				B34DF295232B780000D9CCA8 /* LaunchScreen.storyboard */,
				B34DF298232B780000D9CCA8 /* Info.plist */,
				B34DF2A2232B91B600D9CCA8 /* GoogleService-Info.plist */,
			);
			path = StringR.Store;
			sourceTree = "<group>";
		};
		B34DF2A0232B8F6C00D9CCA8 /* View */ = {
			isa = PBXGroup;
			children = (
				1D7455D92346449500C33B0C /* PopUp */,
				1D3987E0233B8D4500CDA0DD /* OrderSubView */,
				B38C5B97232BDD3200116BC1 /* RootTabBarController.swift */,
				B38C5B99232BDDFF00116BC1 /* OrderViewController.swift */,
				B38C5B9B232BDE8700116BC1 /* TestRacketViewController.swift */,
				B38C5B9D232BDEF200116BC1 /* EconomyViewController.swift */,
				B38C5B9F232BDF1700116BC1 /* StorageViewController.swift */,
				B38C5BA1232BDF4000116BC1 /* TeamViewController.swift */,
				B3B3DBDB233BAA0E001498D4 /* PopupViewController.swift */,
				B3C4599E2355DEB100A50C51 /* FindCustomerViewController.swift */,
				B37564D0236AC9D500830FFC /* SplashScreen.swift */,
				1D4728D2239198FA0068919F /* SignInViewController.swift */,
			);
			path = View;
			sourceTree = "<group>";
		};
		B36B428A232BABB100954357 /* Model */ = {
			isa = PBXGroup;
			children = (
				B3903C0A233365AB00367E5F /* DTO */,
				B36B428B232BABFA00954357 /* Shop.swift */,
				B36B428D232BACA000954357 /* Address.swift */,
				B38C5B83232BC94000116BC1 /* Team.swift */,
				B38C5B85232BC97400116BC1 /* Racket.swift */,
				B38C5B87232BCAA800116BC1 /* Company.swift */,
				B38C5B89232BCB2C00116BC1 /* Storage.swift */,
				B38C5B8B232BCBDE00116BC1 /* RacketString.swift */,
				B38C5B8D232BCF1900116BC1 /* Economy.swift */,
				B38C5B91232BD1D000116BC1 /* Customer.swift */,
				B38C5B93232BD36900116BC1 /* Stringer.swift */,
				B38C5B95232BD3FC00116BC1 /* Order.swift */,
				1DD8D19B235C681F00074BC2 /* PurchaseHistory.swift */,
				1D6BB09C2362D68000DDAF11 /* OrderHistory.swift */,
				1D4728D42391ADB20068919F /* Login.swift */,
				B398EC192395225000ECFF59 /* LoginResponse.swift */,
			);
			path = Model;
			sourceTree = "<group>";
		};
		B382008F2361DB4600C2D666 /* Delegate */ = {
			isa = PBXGroup;
			children = (
				B3606A46234DCAED003199FB /* RemoveStringerDelegate.swift */,
				B356A53E235727F5002B92A0 /* FindCustomerDelegate.swift */,
				B342AF22235DB1200033E869 /* UpdateStorageDelegate.swift */,
				B380D0D223630589004144B5 /* OrderModifierDelegate.swift */,
				1D11C1DD236C3D2B00F764A4 /* AddStringerToTeamDelegate.swift */,
			);
			path = Delegate;
			sourceTree = "<group>";
		};
		B38C5BA3232BE40C00116BC1 /* Enum */ = {
			isa = PBXGroup;
			children = (
				B38C5BA4232BE45A00116BC1 /* RacketType.swift */,
				B38C5BA6232BE4B500116BC1 /* StringType.swift */,
				B38C5BA8232BE4DD00116BC1 /* StringColor.swift */,
				B38C5BAA232BE5BD00116BC1 /* RacketBrand.swift */,
				B38C5BAC232BE70D00116BC1 /* StringBrand.swift */,
				B30C12F1235A04FF00CB32A0 /* OrderStatus.swift */,
				1D32FC22236B25E700AABEFB /* EconomyInterval.swift */,
			);
			path = Enum;
			sourceTree = "<group>";
		};
		B3903C042333650600367E5F /* DAO */ = {
			isa = PBXGroup;
			children = (
				B3903C052333652700367E5F /* OrderDAOFirebase.swift */,
				B3CAF9882341FB67005F5B38 /* TeamDAOFirebase.swift */,
				B326E87323435C690040E9F3 /* ShopDAOFirebase.swift */,
				1DE69BE823588F1900AD0864 /* StorageDAOFirebase.swift */,
				B39CCE8923565DA200EA892B /* CustomerDAOFirebase.swift */,
				B382008B2361D52F00C2D666 /* RacketDAOFirebase.swift */,
				1D4728D82391B9340068919F /* AuthenticationDAOSql.swift */,
			);
			path = DAO;
			sourceTree = "<group>";
		};
		B3903C072333653000367E5F /* Protocol */ = {
			isa = PBXGroup;
			children = (
				B382008F2361DB4600C2D666 /* Delegate */,
				1D17717E2359CC2700DBC870 /* StorageDAOProtocol.swift */,
				B3903C082333654500367E5F /* OrderDAOProtocol.swift */,
				B3B92B5F2333AE9600C39052 /* Observer.swift */,
				B3B92B612333AEF700C39052 /* Observerable.swift */,
				B3CAF98A2341FC6D005F5B38 /* TeamDAOProtocol.swift */,
				B326E87523435C7E0040E9F3 /* ShopDAOProtocol.swift */,
				B39CCE8723565CEB00EA892B /* CustomerDAOProtocol.swift */,
				B382008D2361D54A00C2D666 /* RacketDAOProtocol.swift */,
				1D4728DA2391CBD00068919F /* AuthenticationDAOProtocol.swift */,
			);
			path = Protocol;
			sourceTree = "<group>";
		};
		B3903C0A233365AB00367E5F /* DTO */ = {
			isa = PBXGroup;
			children = (
				B3903C0B233365B800367E5F /* OrderDTO.swift */,
				B3CAF98E2342017E005F5B38 /* StringerDTO.swift */,
				1D7455C523435D2200C33B0C /* AddressDTO.swift */,
				1D7455C723435DEA00C33B0C /* TeamDTO.swift */,
				1D7455C923435E2000C33B0C /* RacketDTO.swift */,
				1D7455CB23435E9700C33B0C /* CompanyDTO.swift */,
				1D7455CD23435F2300C33B0C /* StorageDTO.swift */,
				1D7455CF234372B300C33B0C /* RacketStringDTO.swift */,
				1D7455D12345C73400C33B0C /* EconomyDTO.swift */,
				1D7455D52345CD9900C33B0C /* CustomerDTO.swift */,
				B3660A752346421C005A780D /* ShopDTO.swift */,
				1DD8D199235C67C900074BC2 /* PurchaseHistoryDTO.swift */,
			);
			path = DTO;
			sourceTree = "<group>";
		};
		B3B92B5723339D0800C39052 /* Error */ = {
			isa = PBXGroup;
			children = (
				B3B92B5823339D1500C39052 /* Exception.swift */,
			);
			path = Error;
			sourceTree = "<group>";
		};
		B3FB2C76232D030C003728C4 /* Utility */ = {
			isa = PBXGroup;
			children = (
				1DF66C2B232F733F0007E2C3 /* Constant.swift */,
				B3FB2C77232D0335003728C4 /* Extention.swift */,
				B3FB2C8C232D2BF4003728C4 /* Utility.swift */,
				B3FB2CAC232D4119003728C4 /* Layout.swift */,
				B3903C0D2333672900367E5F /* Firebase.swift */,
				1D32FC1E236A1E4100AABEFB /* Color.swift */,
			);
			path = Utility;
			sourceTree = "<group>";
		};
/* End PBXGroup section */

/* Begin PBXNativeTarget section */
		1D4728C723918D580068919F /* StringR StoreTests */ = {
			isa = PBXNativeTarget;
			buildConfigurationList = 1D4728D123918D580068919F /* Build configuration list for PBXNativeTarget "StringR StoreTests" */;
			buildPhases = (
				1D4728C423918D580068919F /* Sources */,
				1D4728C523918D580068919F /* Frameworks */,
				1D4728C623918D580068919F /* Resources */,
			);
			buildRules = (
			);
			dependencies = (
				1D4728CE23918D580068919F /* PBXTargetDependency */,
			);
			name = "StringR StoreTests";
			productName = "StringR StoreTests";
			productReference = 1D4728C823918D580068919F /* StringR StoreTests.xctest */;
			productType = "com.apple.product-type.bundle.unit-test";
		};
		B34DF288232B77FF00D9CCA8 /* StringR.Store */ = {
			isa = PBXNativeTarget;
			buildConfigurationList = B34DF29B232B780000D9CCA8 /* Build configuration list for PBXNativeTarget "StringR.Store" */;
			buildPhases = (
				4F01EB2014FA97791BC333E3 /* [CP] Check Pods Manifest.lock */,
				B34DF285232B77FF00D9CCA8 /* Sources */,
				B34DF286232B77FF00D9CCA8 /* Frameworks */,
				B34DF287232B77FF00D9CCA8 /* Resources */,
				70370FBDAC73D24BE4582DE8 /* [CP] Embed Pods Frameworks */,
				B36B4289232B95CF00954357 /* ShellScript */,
			);
			buildRules = (
			);
			dependencies = (
			);
			name = StringR.Store;
			productName = StringR.Store;
			productReference = B34DF289232B77FF00D9CCA8 /* ProStringR Store.app */;
			productType = "com.apple.product-type.application";
		};
/* End PBXNativeTarget section */

/* Begin PBXProject section */
		B34DF281232B77FF00D9CCA8 /* Project object */ = {
			isa = PBXProject;
			attributes = {
				LastSwiftUpdateCheck = 1120;
				LastUpgradeCheck = 1030;
				ORGANIZATIONNAME = StringR;
				TargetAttributes = {
					1D4728C723918D580068919F = {
						CreatedOnToolsVersion = 11.2.1;
					};
					B34DF288232B77FF00D9CCA8 = {
						CreatedOnToolsVersion = 10.3;
					};
				};
			};
			buildConfigurationList = B34DF284232B77FF00D9CCA8 /* Build configuration list for PBXProject "StringR.Store" */;
			compatibilityVersion = "Xcode 9.3";
			developmentRegion = en;
			hasScannedForEncodings = 0;
			knownRegions = (
				en,
				Base,
				da,
			);
			mainGroup = B34DF280232B77FF00D9CCA8;
			productRefGroup = B34DF28A232B77FF00D9CCA8 /* Products */;
			projectDirPath = "";
			projectRoot = "";
			targets = (
				B34DF288232B77FF00D9CCA8 /* StringR.Store */,
				1D4728C723918D580068919F /* StringR StoreTests */,
			);
		};
/* End PBXProject section */

/* Begin PBXResourcesBuildPhase section */
		1D4728C623918D580068919F /* Resources */ = {
			isa = PBXResourcesBuildPhase;
			buildActionMask = 2147483647;
			files = (
			);
			runOnlyForDeploymentPostprocessing = 0;
		};
		B34DF287232B77FF00D9CCA8 /* Resources */ = {
			isa = PBXResourcesBuildPhase;
			buildActionMask = 2147483647;
			files = (
				B34DF297232B780000D9CCA8 /* LaunchScreen.storyboard in Resources */,
				B3FB2C88232D2AA2003728C4 /* Localizable.strings in Resources */,
				B34DF294232B780000D9CCA8 /* Assets.xcassets in Resources */,
				B34DF2A3232B91B600D9CCA8 /* GoogleService-Info.plist in Resources */,
			);
			runOnlyForDeploymentPostprocessing = 0;
		};
/* End PBXResourcesBuildPhase section */

/* Begin PBXShellScriptBuildPhase section */
		4F01EB2014FA97791BC333E3 /* [CP] Check Pods Manifest.lock */ = {
			isa = PBXShellScriptBuildPhase;
			buildActionMask = 2147483647;
			files = (
			);
			inputFileListPaths = (
			);
			inputPaths = (
				"${PODS_PODFILE_DIR_PATH}/Podfile.lock",
				"${PODS_ROOT}/Manifest.lock",
			);
			name = "[CP] Check Pods Manifest.lock";
			outputFileListPaths = (
			);
			outputPaths = (
				"$(DERIVED_FILE_DIR)/Pods-StringR.Store-checkManifestLockResult.txt",
			);
			runOnlyForDeploymentPostprocessing = 0;
			shellPath = /bin/sh;
			shellScript = "diff \"${PODS_PODFILE_DIR_PATH}/Podfile.lock\" \"${PODS_ROOT}/Manifest.lock\" > /dev/null\nif [ $? != 0 ] ; then\n    # print error to STDERR\n    echo \"error: The sandbox is not in sync with the Podfile.lock. Run 'pod install' or update your CocoaPods installation.\" >&2\n    exit 1\nfi\n# This output is used by Xcode 'outputs' to avoid re-running this script phase.\necho \"SUCCESS\" > \"${SCRIPT_OUTPUT_FILE_0}\"\n";
			showEnvVarsInLog = 0;
		};
		70370FBDAC73D24BE4582DE8 /* [CP] Embed Pods Frameworks */ = {
			isa = PBXShellScriptBuildPhase;
			buildActionMask = 2147483647;
			files = (
			);
			inputFileListPaths = (
				"${PODS_ROOT}/Target Support Files/Pods-StringR.Store/Pods-StringR.Store-frameworks-${CONFIGURATION}-input-files.xcfilelist",
			);
			name = "[CP] Embed Pods Frameworks";
			outputFileListPaths = (
				"${PODS_ROOT}/Target Support Files/Pods-StringR.Store/Pods-StringR.Store-frameworks-${CONFIGURATION}-output-files.xcfilelist",
			);
			runOnlyForDeploymentPostprocessing = 0;
			shellPath = /bin/sh;
			shellScript = "\"${PODS_ROOT}/Target Support Files/Pods-StringR.Store/Pods-StringR.Store-frameworks.sh\"\n";
			showEnvVarsInLog = 0;
		};
		B36B4289232B95CF00954357 /* ShellScript */ = {
			isa = PBXShellScriptBuildPhase;
			buildActionMask = 2147483647;
			files = (
			);
			inputFileListPaths = (
			);
			inputPaths = (
			);
			outputFileListPaths = (
			);
			outputPaths = (
			);
			runOnlyForDeploymentPostprocessing = 0;
			shellPath = /bin/sh;
			shellScript = "# Type a script or drag a script file from your workspace to insert its path.\nif which swiftlint >/dev/null; then\nswiftlint\nelse\necho \"warning: SwiftLint not installed, download from https://github.com/realm/SwiftLint\"\nfi\n";
		};
/* End PBXShellScriptBuildPhase section */

/* Begin PBXSourcesBuildPhase section */
		1D4728C423918D580068919F /* Sources */ = {
			isa = PBXSourcesBuildPhase;
			buildActionMask = 2147483647;
			files = (
				1DB88BC32393F3F800223265 /* UtilityTest.swift in Sources */,
			);
			runOnlyForDeploymentPostprocessing = 0;
		};
		B34DF285232B77FF00D9CCA8 /* Sources */ = {
			isa = PBXSourcesBuildPhase;
			buildActionMask = 2147483647;
			files = (
				1D177184235A086C00DBC870 /* SpecificStringInStorageViewController.swift in Sources */,
				1D17717D2359CB0600DBC870 /* AddStringToStorageViewController.swift in Sources */,
				B3B92B5E2333A9A500C39052 /* OrderController.swift in Sources */,
				B3903C0E2333672900367E5F /* Firebase.swift in Sources */,
				1D7455C623435D2200C33B0C /* AddressDTO.swift in Sources */,
				B382008E2361D54A00C2D666 /* RacketDAOProtocol.swift in Sources */,
				1D4728D3239198FA0068919F /* SignInViewController.swift in Sources */,
				B3AE71612337F8ED001E2EF6 /* StorageController.swift in Sources */,
				B327847D235B5E6800D67B9B /* CompletedViewController.swift in Sources */,
				B3903C092333654500367E5F /* OrderDAOProtocol.swift in Sources */,
				1D7455D62345CD9900C33B0C /* CustomerDTO.swift in Sources */,
				B342AF23235DB1200033E869 /* UpdateStorageDelegate.swift in Sources */,
				B38C5B8E232BCF1900116BC1 /* Economy.swift in Sources */,
				1D4728D92391B9340068919F /* AuthenticationDAOSql.swift in Sources */,
				B38C5BA9232BE4DD00116BC1 /* StringColor.swift in Sources */,
				B36B428C232BABFA00954357 /* Shop.swift in Sources */,
				B34DF28D232B77FF00D9CCA8 /* AppDelegate.swift in Sources */,
				B356A53F235727F5002B92A0 /* FindCustomerDelegate.swift in Sources */,
				1D6BB09D2362D68000DDAF11 /* OrderHistory.swift in Sources */,
				1DD8D19C235C681F00074BC2 /* PurchaseHistory.swift in Sources */,
				B38C5B92232BD1D000116BC1 /* Customer.swift in Sources */,
				1D61CECC232FE36A006FED94 /* LayoutController.swift in Sources */,
				B38C5BA7232BE4B500116BC1 /* StringType.swift in Sources */,
				B3606A47234DCAED003199FB /* RemoveStringerDelegate.swift in Sources */,
				1D11C1DE236C3D2B00F764A4 /* AddStringerToTeamDelegate.swift in Sources */,
				B36B428E232BACA000954357 /* Address.swift in Sources */,
				1DF66C2C232F733F0007E2C3 /* Constant.swift in Sources */,
				B32B6BBA23360B1700ABD6A8 /* StorageCell.swift in Sources */,
				B380D0D323630589004144B5 /* OrderModifierDelegate.swift in Sources */,
				1D29807D23607C0E00225DCE /* SpecificOrderViewController.swift in Sources */,
				B38C5B8C232BCBDE00116BC1 /* RacketString.swift in Sources */,
				B3B92B602333AE9600C39052 /* Observer.swift in Sources */,
				B398EC1A2395225000ECFF59 /* LoginResponse.swift in Sources */,
				B3CAF9892341FB67005F5B38 /* TeamDAOFirebase.swift in Sources */,
				B38C5B96232BD3FC00116BC1 /* Order.swift in Sources */,
				B3A1B5F523508B5900B1133E /* CreateOrderViewController.swift in Sources */,
				B30C12F2235A04FF00CB32A0 /* OrderStatus.swift in Sources */,
				B38C5B86232BC97400116BC1 /* Racket.swift in Sources */,
				B326E87223435C4F0040E9F3 /* ShopController.swift in Sources */,
				1D3987E6233BE06900CDA0DD /* TwoSidedTextCell.swift in Sources */,
				1D32FC23236B25E700AABEFB /* EconomyInterval.swift in Sources */,
				1D32FC21236B24FF00AABEFB /* EconomyController.swift in Sources */,
				1D29807F2361CEC300225DCE /* StringerDetailViewController.swift in Sources */,
				1DD8D19A235C67C900074BC2 /* PurchaseHistoryDTO.swift in Sources */,
				B3CAF98B2341FC6D005F5B38 /* TeamDAOProtocol.swift in Sources */,
				B3B92B622333AEF700C39052 /* Observerable.swift in Sources */,
				B38C5B88232BCAA800116BC1 /* Company.swift in Sources */,
				B3CAF9872341F229005F5B38 /* TeamController.swift in Sources */,
				B382008C2361D52F00C2D666 /* RacketDAOFirebase.swift in Sources */,
				1D7455C823435DEA00C33B0C /* TeamDTO.swift in Sources */,
				1D7455D22345C73400C33B0C /* EconomyDTO.swift in Sources */,
				1D4728D52391ADB20068919F /* Login.swift in Sources */,
				B3C4599F2355DEB100A50C51 /* FindCustomerViewController.swift in Sources */,
				1D7455CE23435F2300C33B0C /* StorageDTO.swift in Sources */,
				1D1771822359EBFB00DBC870 /* ShopSingleton.swift in Sources */,
				B38C5BA5232BE45A00116BC1 /* RacketType.swift in Sources */,
				B3B3DBDA233BA233001498D4 /* UserCell.swift in Sources */,
				B39CCE8823565CEB00EA892B /* CustomerDAOProtocol.swift in Sources */,
				B38C5B8A232BCB2C00116BC1 /* Storage.swift in Sources */,
				B38C5BAB232BE5BD00116BC1 /* RacketBrand.swift in Sources */,
				B319DDCE2361DD42007878F6 /* RacketController.swift in Sources */,
				1D32FC1F236A1E4100AABEFB /* Color.swift in Sources */,
				1D61CED42330AEC2006FED94 /* CardCellViewController.swift in Sources */,
				B326E87623435C7E0040E9F3 /* ShopDAOProtocol.swift in Sources */,
				1D6BB09B2362D50A00DDAF11 /* SpecificOrderHistoryViewController.swift in Sources */,
				1D4728D72391B88B0068919F /* AuthenticationController.swift in Sources */,
				B3B3DBDC233BAA0E001498D4 /* PopupViewController.swift in Sources */,
				1D7455CA23435E2000C33B0C /* RacketDTO.swift in Sources */,
				B3FB2CAD232D4119003728C4 /* Layout.swift in Sources */,
				B38C5B84232BC94000116BC1 /* Team.swift in Sources */,
				1D7455CC23435E9700C33B0C /* CompanyDTO.swift in Sources */,
				B38C5BAD232BE70D00116BC1 /* StringBrand.swift in Sources */,
				B38C5B94232BD36900116BC1 /* Stringer.swift in Sources */,
				B38C5B98232BDD3200116BC1 /* RootTabBarController.swift in Sources */,
				B3CAF98D2341FD7E005F5B38 /* ControlReg.swift in Sources */,
				B3FB2C78232D0335003728C4 /* Extention.swift in Sources */,
				B3FB2C8D232D2BF4003728C4 /* Utility.swift in Sources */,
				B39CCE8A23565DA200EA892B /* CustomerDAOFirebase.swift in Sources */,
				B3903C062333652700367E5F /* OrderDAOFirebase.swift in Sources */,
				B38C5BA0232BDF1700116BC1 /* StorageViewController.swift in Sources */,
				1D11C1DC236C16DF00F764A4 /* AddStringerToTeamViewController.swift in Sources */,
				1D7455D0234372B300C33B0C /* RacketStringDTO.swift in Sources */,
				B37564D1236AC9D500830FFC /* SplashScreen.swift in Sources */,
				B38C5B9C232BDE8700116BC1 /* TestRacketViewController.swift in Sources */,
				1D4728DB2391CBD00068919F /* AuthenticationDAOProtocol.swift in Sources */,
				B38C5B9E232BDEF200116BC1 /* EconomyViewController.swift in Sources */,
				B38C5B9A232BDDFF00116BC1 /* OrderViewController.swift in Sources */,
				1D3987E8233BE1AB00CDA0DD /* DoneViewController.swift in Sources */,
				B326E87423435C690040E9F3 /* ShopDAOFirebase.swift in Sources */,
				B38C5BA2232BDF4000116BC1 /* TeamViewController.swift in Sources */,
				B327847B235B592C00D67B9B /* OrderCellGenerel.swift in Sources */,
				B3B92B5B2333A44600C39052 /* DataController.swift in Sources */,
				B3CAF98F2342017E005F5B38 /* StringerDTO.swift in Sources */,
				1D17717F2359CC2700DBC870 /* StorageDAOProtocol.swift in Sources */,
				1D3987EA233BE64500CDA0DD /* DeliveredViewController.swift in Sources */,
				1DE69BE923588F1900AD0864 /* StorageDAOFirebase.swift in Sources */,
				B3B92B5923339D1500C39052 /* Exception.swift in Sources */,
				B3903C0C233365B800367E5F /* OrderDTO.swift in Sources */,
				B3660A762346421C005A780D /* ShopDTO.swift in Sources */,
				1D3987E2233B8E4B00CDA0DD /* ReceivedViewController.swift in Sources */,
				1DF66C2F232F73AC0007E2C3 /* CardCell.swift in Sources */,
				B3C4599D2355DE5900A50C51 /* CustomerController.swift in Sources */,
			);
			runOnlyForDeploymentPostprocessing = 0;
		};
/* End PBXSourcesBuildPhase section */

/* Begin PBXTargetDependency section */
		1D4728CE23918D580068919F /* PBXTargetDependency */ = {
			isa = PBXTargetDependency;
			platformFilter = ios;
			target = B34DF288232B77FF00D9CCA8 /* StringR.Store */;
			targetProxy = 1D4728CD23918D580068919F /* PBXContainerItemProxy */;
		};
/* End PBXTargetDependency section */

/* Begin PBXVariantGroup section */
		B34DF295232B780000D9CCA8 /* LaunchScreen.storyboard */ = {
			isa = PBXVariantGroup;
			children = (
				B34DF296232B780000D9CCA8 /* Base */,
				B3FB2C85232D2A01003728C4 /* da */,
			);
			name = LaunchScreen.storyboard;
			sourceTree = "<group>";
		};
		B3FB2C8A232D2AA2003728C4 /* Localizable.strings */ = {
			isa = PBXVariantGroup;
			children = (
				B3FB2C89232D2AA2003728C4 /* en */,
				B3FB2C8B232D2AA9003728C4 /* da */,
			);
			name = Localizable.strings;
			sourceTree = "<group>";
		};
/* End PBXVariantGroup section */

/* Begin XCBuildConfiguration section */
		1D4728CF23918D580068919F /* Debug */ = {
			isa = XCBuildConfiguration;
			buildSettings = {
				BUNDLE_LOADER = "$(BUILT_PRODUCTS_DIR)/StringR Store.app/StringR Store";
				CODE_SIGN_STYLE = Automatic;
				INFOPLIST_FILE = "StringR StoreTests/Info.plist";
				IPHONEOS_DEPLOYMENT_TARGET = 13.2;
				LD_RUNPATH_SEARCH_PATHS = (
					"$(inherited)",
					"@executable_path/Frameworks",
					"@loader_path/Frameworks",
				);
				PRODUCT_BUNDLE_IDENTIFIER = "com.prostringr.StringR-StoreTests";
				PRODUCT_NAME = "$(TARGET_NAME)";
				SWIFT_VERSION = 5.0;
				TARGETED_DEVICE_FAMILY = "1,2";
				TEST_HOST = "$(BUNDLE_LOADER)";
			};
			name = Debug;
		};
		1D4728D023918D580068919F /* Release */ = {
			isa = XCBuildConfiguration;
			buildSettings = {
				BUNDLE_LOADER = "$(BUILT_PRODUCTS_DIR)/StringR Store.app/StringR Store";
				CODE_SIGN_STYLE = Automatic;
				INFOPLIST_FILE = "StringR StoreTests/Info.plist";
				IPHONEOS_DEPLOYMENT_TARGET = 13.2;
				LD_RUNPATH_SEARCH_PATHS = (
					"$(inherited)",
					"@executable_path/Frameworks",
					"@loader_path/Frameworks",
				);
				PRODUCT_BUNDLE_IDENTIFIER = "com.prostringr.StringR-StoreTests";
				PRODUCT_NAME = "$(TARGET_NAME)";
				SWIFT_VERSION = 5.0;
				TARGETED_DEVICE_FAMILY = "1,2";
				TEST_HOST = "$(BUNDLE_LOADER)";
			};
			name = Release;
		};
		B34DF299232B780000D9CCA8 /* Debug */ = {
			isa = XCBuildConfiguration;
			buildSettings = {
				ALWAYS_SEARCH_USER_PATHS = NO;
				CLANG_ANALYZER_LOCALIZABILITY_NONLOCALIZED = YES;
				CLANG_ANALYZER_NONNULL = YES;
				CLANG_ANALYZER_NUMBER_OBJECT_CONVERSION = YES_AGGRESSIVE;
				CLANG_CXX_LANGUAGE_STANDARD = "gnu++14";
				CLANG_CXX_LIBRARY = "libc++";
				CLANG_ENABLE_MODULES = YES;
				CLANG_ENABLE_OBJC_ARC = YES;
				CLANG_ENABLE_OBJC_WEAK = YES;
				CLANG_WARN_BLOCK_CAPTURE_AUTORELEASING = YES;
				CLANG_WARN_BOOL_CONVERSION = YES;
				CLANG_WARN_COMMA = YES;
				CLANG_WARN_CONSTANT_CONVERSION = YES;
				CLANG_WARN_DEPRECATED_OBJC_IMPLEMENTATIONS = YES;
				CLANG_WARN_DIRECT_OBJC_ISA_USAGE = YES_ERROR;
				CLANG_WARN_DOCUMENTATION_COMMENTS = YES;
				CLANG_WARN_EMPTY_BODY = YES;
				CLANG_WARN_ENUM_CONVERSION = YES;
				CLANG_WARN_INFINITE_RECURSION = YES;
				CLANG_WARN_INT_CONVERSION = YES;
				CLANG_WARN_NON_LITERAL_NULL_CONVERSION = YES;
				CLANG_WARN_OBJC_IMPLICIT_RETAIN_SELF = YES;
				CLANG_WARN_OBJC_LITERAL_CONVERSION = YES;
				CLANG_WARN_OBJC_ROOT_CLASS = YES_ERROR;
				CLANG_WARN_RANGE_LOOP_ANALYSIS = YES;
				CLANG_WARN_STRICT_PROTOTYPES = YES;
				CLANG_WARN_SUSPICIOUS_MOVE = YES;
				CLANG_WARN_UNGUARDED_AVAILABILITY = YES_AGGRESSIVE;
				CLANG_WARN_UNREACHABLE_CODE = YES;
				CLANG_WARN__DUPLICATE_METHOD_MATCH = YES;
				CODE_SIGN_IDENTITY = "iPhone Developer";
				COPY_PHASE_STRIP = NO;
				DEBUG_INFORMATION_FORMAT = dwarf;
				ENABLE_STRICT_OBJC_MSGSEND = YES;
				ENABLE_TESTABILITY = YES;
				GCC_C_LANGUAGE_STANDARD = gnu11;
				GCC_DYNAMIC_NO_PIC = NO;
				GCC_NO_COMMON_BLOCKS = YES;
				GCC_OPTIMIZATION_LEVEL = 0;
				GCC_PREPROCESSOR_DEFINITIONS = (
					"DEBUG=1",
					"$(inherited)",
				);
				GCC_WARN_64_TO_32_BIT_CONVERSION = YES;
				GCC_WARN_ABOUT_RETURN_TYPE = YES_ERROR;
				GCC_WARN_UNDECLARED_SELECTOR = YES;
				GCC_WARN_UNINITIALIZED_AUTOS = YES_AGGRESSIVE;
				GCC_WARN_UNUSED_FUNCTION = YES;
				GCC_WARN_UNUSED_VARIABLE = YES;
				IPHONEOS_DEPLOYMENT_TARGET = 12.4;
				MTL_ENABLE_DEBUG_INFO = INCLUDE_SOURCE;
				MTL_FAST_MATH = YES;
				ONLY_ACTIVE_ARCH = YES;
				SDKROOT = iphoneos;
				SWIFT_ACTIVE_COMPILATION_CONDITIONS = DEBUG;
				SWIFT_OPTIMIZATION_LEVEL = "-Onone";
			};
			name = Debug;
		};
		B34DF29A232B780000D9CCA8 /* Release */ = {
			isa = XCBuildConfiguration;
			buildSettings = {
				ALWAYS_SEARCH_USER_PATHS = NO;
				CLANG_ANALYZER_LOCALIZABILITY_NONLOCALIZED = YES;
				CLANG_ANALYZER_NONNULL = YES;
				CLANG_ANALYZER_NUMBER_OBJECT_CONVERSION = YES_AGGRESSIVE;
				CLANG_CXX_LANGUAGE_STANDARD = "gnu++14";
				CLANG_CXX_LIBRARY = "libc++";
				CLANG_ENABLE_MODULES = YES;
				CLANG_ENABLE_OBJC_ARC = YES;
				CLANG_ENABLE_OBJC_WEAK = YES;
				CLANG_WARN_BLOCK_CAPTURE_AUTORELEASING = YES;
				CLANG_WARN_BOOL_CONVERSION = YES;
				CLANG_WARN_COMMA = YES;
				CLANG_WARN_CONSTANT_CONVERSION = YES;
				CLANG_WARN_DEPRECATED_OBJC_IMPLEMENTATIONS = YES;
				CLANG_WARN_DIRECT_OBJC_ISA_USAGE = YES_ERROR;
				CLANG_WARN_DOCUMENTATION_COMMENTS = YES;
				CLANG_WARN_EMPTY_BODY = YES;
				CLANG_WARN_ENUM_CONVERSION = YES;
				CLANG_WARN_INFINITE_RECURSION = YES;
				CLANG_WARN_INT_CONVERSION = YES;
				CLANG_WARN_NON_LITERAL_NULL_CONVERSION = YES;
				CLANG_WARN_OBJC_IMPLICIT_RETAIN_SELF = YES;
				CLANG_WARN_OBJC_LITERAL_CONVERSION = YES;
				CLANG_WARN_OBJC_ROOT_CLASS = YES_ERROR;
				CLANG_WARN_RANGE_LOOP_ANALYSIS = YES;
				CLANG_WARN_STRICT_PROTOTYPES = YES;
				CLANG_WARN_SUSPICIOUS_MOVE = YES;
				CLANG_WARN_UNGUARDED_AVAILABILITY = YES_AGGRESSIVE;
				CLANG_WARN_UNREACHABLE_CODE = YES;
				CLANG_WARN__DUPLICATE_METHOD_MATCH = YES;
				CODE_SIGN_IDENTITY = "iPhone Developer";
				COPY_PHASE_STRIP = NO;
				DEBUG_INFORMATION_FORMAT = "dwarf-with-dsym";
				ENABLE_NS_ASSERTIONS = NO;
				ENABLE_STRICT_OBJC_MSGSEND = YES;
				GCC_C_LANGUAGE_STANDARD = gnu11;
				GCC_NO_COMMON_BLOCKS = YES;
				GCC_WARN_64_TO_32_BIT_CONVERSION = YES;
				GCC_WARN_ABOUT_RETURN_TYPE = YES_ERROR;
				GCC_WARN_UNDECLARED_SELECTOR = YES;
				GCC_WARN_UNINITIALIZED_AUTOS = YES_AGGRESSIVE;
				GCC_WARN_UNUSED_FUNCTION = YES;
				GCC_WARN_UNUSED_VARIABLE = YES;
				IPHONEOS_DEPLOYMENT_TARGET = 12.4;
				MTL_ENABLE_DEBUG_INFO = NO;
				MTL_FAST_MATH = YES;
				SDKROOT = iphoneos;
				SWIFT_COMPILATION_MODE = wholemodule;
				SWIFT_OPTIMIZATION_LEVEL = "-O";
				VALIDATE_PRODUCT = YES;
			};
			name = Release;
		};
		B34DF29C232B780000D9CCA8 /* Debug */ = {
			isa = XCBuildConfiguration;
			baseConfigurationReference = 8F3191B6B0C74E540AB71DF0 /* Pods-StringR.Store.debug.xcconfig */;
			buildSettings = {
				ASSETCATALOG_COMPILER_APPICON_NAME = AppIcon;
				CODE_SIGN_STYLE = Automatic;
				DEVELOPMENT_TEAM = 9KKEDA9RJ4;
				GCC_SYMBOLS_PRIVATE_EXTERN = NO;
				INFOPLIST_FILE = StringR.Store/Info.plist;
				LD_RUNPATH_SEARCH_PATHS = (
					"$(inherited)",
					"@executable_path/Frameworks",
				);
				PRODUCT_BUNDLE_IDENTIFIER = "dk.StringR.StringR-Store";
				PRODUCT_NAME = "ProStringR Store";
				SWIFT_VERSION = 5.0;
				TARGETED_DEVICE_FAMILY = 2;
			};
			name = Debug;
		};
		B34DF29D232B780000D9CCA8 /* Release */ = {
			isa = XCBuildConfiguration;
			baseConfigurationReference = 60D2BEA5B6E1279210353F2E /* Pods-StringR.Store.release.xcconfig */;
			buildSettings = {
				ASSETCATALOG_COMPILER_APPICON_NAME = AppIcon;
				CODE_SIGN_STYLE = Automatic;
				DEVELOPMENT_TEAM = 9KKEDA9RJ4;
				GCC_SYMBOLS_PRIVATE_EXTERN = NO;
				INFOPLIST_FILE = StringR.Store/Info.plist;
				LD_RUNPATH_SEARCH_PATHS = (
					"$(inherited)",
					"@executable_path/Frameworks",
				);
				PRODUCT_BUNDLE_IDENTIFIER = "dk.StringR.StringR-Store";
				PRODUCT_NAME = "ProStringR Store";
				SWIFT_VERSION = 5.0;
				TARGETED_DEVICE_FAMILY = 2;
			};
			name = Release;
		};
/* End XCBuildConfiguration section */

/* Begin XCConfigurationList section */
		1D4728D123918D580068919F /* Build configuration list for PBXNativeTarget "StringR StoreTests" */ = {
			isa = XCConfigurationList;
			buildConfigurations = (
				1D4728CF23918D580068919F /* Debug */,
				1D4728D023918D580068919F /* Release */,
			);
			defaultConfigurationIsVisible = 0;
			defaultConfigurationName = Release;
		};
		B34DF284232B77FF00D9CCA8 /* Build configuration list for PBXProject "StringR.Store" */ = {
			isa = XCConfigurationList;
			buildConfigurations = (
				B34DF299232B780000D9CCA8 /* Debug */,
				B34DF29A232B780000D9CCA8 /* Release */,
			);
			defaultConfigurationIsVisible = 0;
			defaultConfigurationName = Release;
		};
		B34DF29B232B780000D9CCA8 /* Build configuration list for PBXNativeTarget "StringR.Store" */ = {
			isa = XCConfigurationList;
			buildConfigurations = (
				B34DF29C232B780000D9CCA8 /* Debug */,
				B34DF29D232B780000D9CCA8 /* Release */,
			);
			defaultConfigurationIsVisible = 0;
			defaultConfigurationName = Release;
		};
/* End XCConfigurationList section */
	};
	rootObject = B34DF281232B77FF00D9CCA8 /* Project object */;
}
